{
  "name": "buchindex",
  "version": "1.0.0",
  "lockfileVersion": 1,
  "requires": true,
  "dependencies": {
    "adm-zip": {
      "version": "0.5.9",
      "resolved": "https://registry.npmjs.org/adm-zip/-/adm-zip-0.5.9.tgz",
      "integrity": "sha512-s+3fXLkeeLjZ2kLjCBwQufpI5fuN+kIGBxu6530nVQZGVol0d7Y/M88/xw9HGGUcJjKf8LutN3VPRUBq6N7Ajg=="
    },
    "array-hyper-unique": {
      "version": "2.0.8",
      "resolved": "https://registry.npmjs.org/array-hyper-unique/-/array-hyper-unique-2.0.8.tgz",
      "integrity": "sha512-x0HKq5GCmt7CwUkhg9Kv3f0QssjADStancumaOplwMYN2UWtbaxYYw6oDfDbkn29ueYVPCijQqYHRoe2xpFp1g==",
      "requires": {
        "deep-eql": "= 4.0.0",
        "lodash": "^4.17.21",
        "tslib": "^2"
      }
    },
    "bluebird": {
      "version": "3.7.2",
      "resolved": "https://registry.npmjs.org/bluebird/-/bluebird-3.7.2.tgz",
      "integrity": "sha512-XpNj6GDQzdfW+r2Wnn7xiSAd7TM3jzkxGXBGTtWKuSXv1xUV+azxAm8jdWZN06QTQk+2N2XB9jRDkvbmQmcRtg=="
    },
    "crlf-normalize": {
      "version": "1.0.12",
      "resolved": "https://registry.npmjs.org/crlf-normalize/-/crlf-normalize-1.0.12.tgz",
      "integrity": "sha512-Cv7LWniq9FtXdfjfCeLdOO3VbyFEFKfPSuRv0mBxS+rRUnQsh7YqWWB07ol0FwuuwJqaTp30tavkN9T/mBAWag==",
      "requires": {
        "ts-type": "^2.1.4"
      }
    },
    "deep-eql": {
      "version": "4.0.0",
      "resolved": "https://registry.npmjs.org/deep-eql/-/deep-eql-4.0.0.tgz",
      "integrity": "sha512-GxJC5MOg2KyQlv6WiUF/VAnMj4MWnYiXo4oLgeptOELVoknyErb4Z8+5F/IM/K4g9/80YzzatxmWcyRwUseH0A==",
      "requires": {
        "type-detect": "^4.0.0"
      }
    },
    "epub2": {
      "version": "2.0.9",
      "resolved": "https://registry.npmjs.org/epub2/-/epub2-2.0.9.tgz",
      "integrity": "sha512-3ZS8YIIyqf3Kvis5MnMw9IGFvaccPO6sPyYR2vtInY46TTdGnMbeLMJPAajnAvG9elji4cU4QIupcWoOfRBvzQ==",
      "requires": {
        "adm-zip": "^0.5.9",
        "array-hyper-unique": "^2.0.6",
        "bluebird": "^3.7.2",
        "crlf-normalize": "^1.0.7",
        "tslib": "^2.4.0",
        "xml2js": "^0.4.23"
      }
    },
    "lodash": {
      "version": "4.17.21",
      "resolved": "https://registry.npmjs.org/lodash/-/lodash-4.17.21.tgz",
      "integrity": "sha512-v2kDEe57lecTulaDIuNTPy3Ry4gLGJ6Z1O3vE1krgXZNrsQ+LFTGHVxVjcXPs17LhbZVGedAJv8XZ1tvj5FvSg=="
    },
    "sax": {
      "version": "1.2.4",
      "resolved": "https://registry.npmjs.org/sax/-/sax-1.2.4.tgz",
      "integrity": "sha512-NqVDv9TpANUjFm0N8uM5GxL36UgKi9/atZw+x7YFnQ8ckwFGKrl4xX4yWtrey3UJm5nP1kUbnYgLopqWNSRhWw=="
    },
    "ts-type": {
      "version": "2.1.10",
      "resolved": "https://registry.npmjs.org/ts-type/-/ts-type-2.1.10.tgz",
      "integrity": "sha512-cung450P5HbC+xTimzw8DcFqP4MjxH3aCt2m6IZMs0aMatEOIasPmtECKK1WChg9j/wB8U5zYFCRHcS6xmdSNw==",
      "requires": {
        "tslib": "^2",
        "typedarray-dts": "^1.0.0"
      }
    },
    "tslib": {
      "version": "2.4.0",
      "resolved": "https://registry.npmjs.org/tslib/-/tslib-2.4.0.tgz",
      "integrity": "sha512-d6xOpEDfsi2CZVlPQzGeux8XMwLT9hssAsaPYExaQMuYskwb+x1x7J371tWlbBdWHroy99KnVB6qIkUbs5X3UQ=="
    },
    "type-detect": {
      "version": "4.0.8",
      "resolved": "https://registry.npmjs.org/type-detect/-/type-detect-4.0.8.tgz",
      "integrity": "sha512-0fr/mIH1dlO+x7TlcMy+bIDqKPsw/70tVyeHW787goQjhmqaZe10uwLujubK9q9Lg6Fiho1KUKDYz0Z7k7g5/g=="
    },
    "typedarray-dts": {
      "version": "1.0.0",
      "resolved": "https://registry.npmjs.org/typedarray-dts/-/typedarray-dts-1.0.0.tgz",
      "integrity": "sha512-Ka0DBegjuV9IPYFT1h0Qqk5U4pccebNIJCGl8C5uU7xtOs+jpJvKGAY4fHGK25hTmXZOEUl9Cnsg5cS6K/b5DA=="
    },
    "xml2js": {
      "version": "0.4.23",
      "resolved": "https://registry.npmjs.org/xml2js/-/xml2js-0.4.23.tgz",
      "integrity": "sha512-ySPiMjM0+pLDftHgXY4By0uswI3SPKLDw/i3UXbnO8M/p28zqexCUoPmQFrYD+/1BzhGJSs2i1ERWKJAtiLrug==",
      "requires": {
        "sax": ">=0.6.0",
        "xmlbuilder": "~11.0.0"
      }
    },
    "xmlbuilder": {
      "version": "11.0.1",
      "resolved": "https://registry.npmjs.org/xmlbuilder/-/xmlbuilder-11.0.1.tgz",
      "integrity": "sha512-fDlsI/kFEx7gLvbecc0/ohLG50fugQp8ryHzMTuW9vSa1GJ0XYWKnhsUx7oie3G98+r56aTQIUB4kht42R3JvA=="
    }
  }
}
